// !$*UTF8*$!
{
	archiveVersion = 1;
	classes = {
	};
	objectVersion = 48;
	objects = {

/* Begin PBXBuildFile section */
		8671561A201E7A1600F34817 /* AppDelegate.swift in Sources */ = {isa = PBXBuildFile; fileRef = 86715619201E7A1600F34817 /* AppDelegate.swift */; };
		8671561C201E7A1600F34817 /* ViewController.swift in Sources */ = {isa = PBXBuildFile; fileRef = 8671561B201E7A1600F34817 /* ViewController.swift */; };
		8671561F201E7A1600F34817 /* Main.storyboard in Resources */ = {isa = PBXBuildFile; fileRef = 8671561D201E7A1600F34817 /* Main.storyboard */; };
		86715622201E7A1600F34817 /* BazookKeypadControl.xcdatamodeld in Sources */ = {isa = PBXBuildFile; fileRef = 86715620201E7A1600F34817 /* BazookKeypadControl.xcdatamodeld */; };
		86715624201E7A1600F34817 /* Assets.xcassets in Resources */ = {isa = PBXBuildFile; fileRef = 86715623201E7A1600F34817 /* Assets.xcassets */; };
		86715627201E7A1600F34817 /* LaunchScreen.storyboard in Resources */ = {isa = PBXBuildFile; fileRef = 86715625201E7A1600F34817 /* LaunchScreen.storyboard */; };
		86715632201E7A1700F34817 /* BazookKeypadControlTests.swift in Sources */ = {isa = PBXBuildFile; fileRef = 86715631201E7A1700F34817 /* BazookKeypadControlTests.swift */; };
/* End PBXBuildFile section */

/* Begin PBXContainerItemProxy section */
		8671562E201E7A1700F34817 /* PBXContainerItemProxy */ = {
			isa = PBXContainerItemProxy;
			containerPortal = 8671560E201E7A1600F34817 /* Project object */;
			proxyType = 1;
			remoteGlobalIDString = 86715615201E7A1600F34817;
			remoteInfo = BazookKeypadControl;
		};
/* End PBXContainerItemProxy section */

/* Begin PBXFileReference section */
		86715616201E7A1600F34817 /* BazookKeypadControl.app */ = {isa = PBXFileReference; explicitFileType = wrapper.application; includeInIndex = 0; path = BazookKeypadControl.app; sourceTree = BUILT_PRODUCTS_DIR; };
		86715619201E7A1600F34817 /* AppDelegate.swift */ = {isa = PBXFileReference; lastKnownFileType = sourcecode.swift; path = AppDelegate.swift; sourceTree = "<group>"; };
		8671561B201E7A1600F34817 /* ViewController.swift */ = {isa = PBXFileReference; lastKnownFileType = sourcecode.swift; path = ViewController.swift; sourceTree = "<group>"; };
		8671561E201E7A1600F34817 /* Base */ = {isa = PBXFileReference; lastKnownFileType = file.storyboard; name = Base; path = Base.lproj/Main.storyboard; sourceTree = "<group>"; };
		86715621201E7A1600F34817 /* BazookKeypadControl.xcdatamodel */ = {isa = PBXFileReference; lastKnownFileType = wrapper.xcdatamodel; path = BazookKeypadControl.xcdatamodel; sourceTree = "<group>"; };
		86715623201E7A1600F34817 /* Assets.xcassets */ = {isa = PBXFileReference; lastKnownFileType = folder.assetcatalog; path = Assets.xcassets; sourceTree = "<group>"; };
		86715626201E7A1600F34817 /* Base */ = {isa = PBXFileReference; lastKnownFileType = file.storyboard; name = Base; path = Base.lproj/LaunchScreen.storyboard; sourceTree = "<group>"; };
		86715628201E7A1600F34817 /* Info.plist */ = {isa = PBXFileReference; lastKnownFileType = text.plist.xml; path = Info.plist; sourceTree = "<group>"; };
		8671562D201E7A1700F34817 /* BazookKeypadControlTests.xctest */ = {isa = PBXFileReference; explicitFileType = wrapper.cfbundle; includeInIndex = 0; path = BazookKeypadControlTests.xctest; sourceTree = BUILT_PRODUCTS_DIR; };
		86715631201E7A1700F34817 /* BazookKeypadControlTests.swift */ = {isa = PBXFileReference; lastKnownFileType = sourcecode.swift; path = BazookKeypadControlTests.swift; sourceTree = "<group>"; };
		86715633201E7A1700F34817 /* Info.plist */ = {isa = PBXFileReference; lastKnownFileType = text.plist.xml; path = Info.plist; sourceTree = "<group>"; };
/* End PBXFileReference section */

/* Begin PBXFrameworksBuildPhase section */
		86715613201E7A1600F34817 /* Frameworks */ = {
			isa = PBXFrameworksBuildPhase;
			buildActionMask = 2147483647;
			files = (
			);
			runOnlyForDeploymentPostprocessing = 0;
		};
		8671562A201E7A1700F34817 /* Frameworks */ = {
			isa = PBXFrameworksBuildPhase;
			buildActionMask = 2147483647;
			files = (
			);
			runOnlyForDeploymentPostprocessing = 0;
		};
/* End PBXFrameworksBuildPhase section */

/* Begin PBXGroup section */
		8671560D201E7A1600F34817 = {
			isa = PBXGroup;
			children = (
				86715618201E7A1600F34817 /* BazookKeypadControl */,
				86715630201E7A1700F34817 /* BazookKeypadControlTests */,
				86715617201E7A1600F34817 /* Products */,
			);
			sourceTree = "<group>";
		};
		86715617201E7A1600F34817 /* Products */ = {
			isa = PBXGroup;
			children = (
				86715616201E7A1600F34817 /* BazookKeypadControl.app */,
				8671562D201E7A1700F34817 /* BazookKeypadControlTests.xctest */,
			);
			name = Products;
			sourceTree = "<group>";
		};
		86715618201E7A1600F34817 /* BazookKeypadControl */ = {
			isa = PBXGroup;
			children = (
				86715619201E7A1600F34817 /* AppDelegate.swift */,
				8671561B201E7A1600F34817 /* ViewController.swift */,
				8671561D201E7A1600F34817 /* Main.storyboard */,
				86715623201E7A1600F34817 /* Assets.xcassets */,
				86715625201E7A1600F34817 /* LaunchScreen.storyboard */,
				86715628201E7A1600F34817 /* Info.plist */,
				86715620201E7A1600F34817 /* BazookKeypadControl.xcdatamodeld */,
			);
			path = BazookKeypadControl;
			sourceTree = "<group>";
		};
		86715630201E7A1700F34817 /* BazookKeypadControlTests */ = {
			isa = PBXGroup;
			children = (
				86715631201E7A1700F34817 /* BazookKeypadControlTests.swift */,
				86715633201E7A1700F34817 /* Info.plist */,
			);
			path = BazookKeypadControlTests;
			sourceTree = "<group>";
		};
/* End PBXGroup section */

/* Begin PBXNativeTarget section */
		86715615201E7A1600F34817 /* BazookKeypadControl */ = {
			isa = PBXNativeTarget;
			buildConfigurationList = 86715636201E7A1700F34817 /* Build configuration list for PBXNativeTarget "BazookKeypadControl" */;
			buildPhases = (
				86715612201E7A1600F34817 /* Sources */,
				86715613201E7A1600F34817 /* Frameworks */,
				86715614201E7A1600F34817 /* Resources */,
			);
			buildRules = (
			);
			dependencies = (
			);
			name = BazookKeypadControl;
			productName = BazookKeypadControl;
			productReference = 86715616201E7A1600F34817 /* BazookKeypadControl.app */;
			productType = "com.apple.product-type.application";
		};
		8671562C201E7A1700F34817 /* BazookKeypadControlTests */ = {
			isa = PBXNativeTarget;
			buildConfigurationList = 86715639201E7A1700F34817 /* Build configuration list for PBXNativeTarget "BazookKeypadControlTests" */;
			buildPhases = (
				86715629201E7A1700F34817 /* Sources */,
				8671562A201E7A1700F34817 /* Frameworks */,
				8671562B201E7A1700F34817 /* Resources */,
			);
			buildRules = (
			);
			dependencies = (
				8671562F201E7A1700F34817 /* PBXTargetDependency */,
			);
			name = BazookKeypadControlTests;
			productName = BazookKeypadControlTests;
			productReference = 8671562D201E7A1700F34817 /* BazookKeypadControlTests.xctest */;
			productType = "com.apple.product-type.bundle.unit-test";
		};
/* End PBXNativeTarget section */

/* Begin PBXProject section */
		8671560E201E7A1600F34817 /* Project object */ = {
			isa = PBXProject;
			attributes = {
				LastSwiftUpdateCheck = 0920;
				LastUpgradeCheck = 0920;
				ORGANIZATIONNAME = "Manraaj Nijjar";
				TargetAttributes = {
					86715615201E7A1600F34817 = {
						CreatedOnToolsVersion = 9.2;
						ProvisioningStyle = Automatic;
					};
					8671562C201E7A1700F34817 = {
						CreatedOnToolsVersion = 9.2;
						ProvisioningStyle = Automatic;
						TestTargetID = 86715615201E7A1600F34817;
					};
				};
			};
			buildConfigurationList = 86715611201E7A1600F34817 /* Build configuration list for PBXProject "BazookKeypadControl" */;
			compatibilityVersion = "Xcode 8.0";
			developmentRegion = en;
			hasScannedForEncodings = 0;
			knownRegions = (
				en,
				Base,
			);
			mainGroup = 8671560D201E7A1600F34817;
			productRefGroup = 86715617201E7A1600F34817 /* Products */;
			projectDirPath = "";
			projectRoot = "";
			targets = (
				86715615201E7A1600F34817 /* BazookKeypadControl */,
				8671562C201E7A1700F34817 /* BazookKeypadControlTests */,
			);
		};
/* End PBXProject section */

/* Begin PBXResourcesBuildPhase section */
		86715614201E7A1600F34817 /* Resources */ = {
			isa = PBXResourcesBuildPhase;
			buildActionMask = 2147483647;
			files = (
				86715627201E7A1600F34817 /* LaunchScreen.storyboard in Resources */,
				86715624201E7A1600F34817 /* Assets.xcassets in Resources */,
				8671561F201E7A1600F34817 /* Main.storyboard in Resources */,
			);
			runOnlyForDeploymentPostprocessing = 0;
		};
		8671562B201E7A1700F34817 /* Resources */ = {
			isa = PBXResourcesBuildPhase;
			buildActionMask = 2147483647;
			files = (
			);
			runOnlyForDeploymentPostprocessing = 0;
		};
/* End PBXResourcesBuildPhase section */

/* Begin PBXSourcesBuildPhase section */
		86715612201E7A1600F34817 /* Sources */ = {
			isa = PBXSourcesBuildPhase;
			buildActionMask = 2147483647;
			files = (
				8671561C201E7A1600F34817 /* ViewController.swift in Sources */,
				86715622201E7A1600F34817 /* BazookKeypadControl.xcdatamodeld in Sources */,
				8671561A201E7A1600F34817 /* AppDelegate.swift in Sources */,
			);
			runOnlyForDeploymentPostprocessing = 0;
		};
		86715629201E7A1700F34817 /* Sources */ = {
			isa = PBXSourcesBuildPhase;
			buildActionMask = 2147483647;
			files = (
				86715632201E7A1700F34817 /* BazookKeypadControlTests.swift in Sources */,
			);
			runOnlyForDeploymentPostprocessing = 0;
		};
/* End PBXSourcesBuildPhase section */

/* Begin PBXTargetDependency section */
		8671562F201E7A1700F34817 /* PBXTargetDependency */ = {
			isa = PBXTargetDependency;
			target = 86715615201E7A1600F34817 /* BazookKeypadControl */;
			targetProxy = 8671562E201E7A1700F34817 /* PBXContainerItemProxy */;
		};
/* End PBXTargetDependency section */

/* Begin PBXVariantGroup section */
		8671561D201E7A1600F34817 /* Main.storyboard */ = {
			isa = PBXVariantGroup;
			children = (
				8671561E201E7A1600F34817 /* Base */,
			);
			name = Main.storyboard;
			sourceTree = "<group>";
		};
		86715625201E7A1600F34817 /* LaunchScreen.storyboard */ = {
			isa = PBXVariantGroup;
			children = (
				86715626201E7A1600F34817 /* Base */,
			);
			name = LaunchScreen.storyboard;
			sourceTree = "<group>";
		};
/* End PBXVariantGroup section */

/* Begin XCBuildConfiguration section */
		86715634201E7A1700F34817 /* Debug */ = {
			isa = XCBuildConfiguration;
			buildSettings = {
				ALWAYS_SEARCH_USER_PATHS = NO;
				CLANG_ANALYZER_NONNULL = YES;
				CLANG_ANALYZER_NUMBER_OBJECT_CONVERSION = YES_AGGRESSIVE;
				CLANG_CXX_LANGUAGE_STANDARD = "gnu++14";
				CLANG_CXX_LIBRARY = "libc++";
				CLANG_ENABLE_MODULES = YES;
				CLANG_ENABLE_OBJC_ARC = YES;
				CLANG_WARN_BLOCK_CAPTURE_AUTORELEASING = YES;
				CLANG_WARN_BOOL_CONVERSION = YES;
				CLANG_WARN_COMMA = YES;
				CLANG_WARN_CONSTANT_CONVERSION = YES;
				CLANG_WARN_DIRECT_OBJC_ISA_USAGE = YES_ERROR;
				CLANG_WARN_DOCUMENTATION_COMMENTS = YES;
				CLANG_WARN_EMPTY_BODY = YES;
				CLANG_WARN_ENUM_CONVERSION = YES;
				CLANG_WARN_INFINITE_RECURSION = YES;
				CLANG_WARN_INT_CONVERSION = YES;
				CLANG_WARN_NON_LITERAL_NULL_CONVERSION = YES;
				CLANG_WARN_OBJC_LITERAL_CONVERSION = YES;
				CLANG_WARN_OBJC_ROOT_CLASS = YES_ERROR;
				CLANG_WARN_RANGE_LOOP_ANALYSIS = YES;
				CLANG_WARN_STRICT_PROTOTYPES = YES;
				CLANG_WARN_SUSPICIOUS_MOVE = YES;
				CLANG_WARN_UNGUARDED_AVAILABILITY = YES_AGGRESSIVE;
				CLANG_WARN_UNREACHABLE_CODE = YES;
				CLANG_WARN__DUPLICATE_METHOD_MATCH = YES;
				CODE_SIGN_IDENTITY = "iPhone Developer";
				COPY_PHASE_STRIP = NO;
				DEBUG_INFORMATION_FORMAT = dwarf;
				ENABLE_STRICT_OBJC_MSGSEND = YES;
				ENABLE_TESTABILITY = YES;
				GCC_C_LANGUAGE_STANDARD = gnu11;
				GCC_DYNAMIC_NO_PIC = NO;
				GCC_NO_COMMON_BLOCKS = YES;
				GCC_OPTIMIZATION_LEVEL = 0;
				GCC_PREPROCESSOR_DEFINITIONS = (
					"DEBUG=1",
					"$(inherited)",
				);
				GCC_WARN_64_TO_32_BIT_CONVERSION = YES;
				GCC_WARN_ABOUT_RETURN_TYPE = YES_ERROR;
				GCC_WARN_UNDECLARED_SELECTOR = YES;
				GCC_WARN_UNINITIALIZED_AUTOS = YES_AGGRESSIVE;
				GCC_WARN_UNUSED_FUNCTION = YES;
				GCC_WARN_UNUSED_VARIABLE = YES;
				IPHONEOS_DEPLOYMENT_TARGET = 11.2;
				MTL_ENABLE_DEBUG_INFO = YES;
				ONLY_ACTIVE_ARCH = YES;
				SDKROOT = iphoneos;
				SWIFT_ACTIVE_COMPILATION_CONDITIONS = DEBUG;
				SWIFT_OPTIMIZATION_LEVEL = "-Onone";
			};
			name = Debug;
		};
		86715635201E7A1700F34817 /* Release */ = {
			isa = XCBuildConfiguration;
			buildSettings = {
				ALWAYS_SEARCH_USER_PATHS = NO;
				CLANG_ANALYZER_NONNULL = YES;
				CLANG_ANALYZER_NUMBER_OBJECT_CONVERSION = YES_AGGRESSIVE;
				CLANG_CXX_LANGUAGE_STANDARD = "gnu++14";
				CLANG_CXX_LIBRARY = "libc++";
				CLANG_ENABLE_MODULES = YES;
				CLANG_ENABLE_OBJC_ARC = YES;
				CLANG_WARN_BLOCK_CAPTURE_AUTORELEASING = YES;
				CLANG_WARN_BOOL_CONVERSION = YES;
				CLANG_WARN_COMMA = YES;
				CLANG_WARN_CONSTANT_CONVERSION = YES;
				CLANG_WARN_DIRECT_OBJC_ISA_USAGE = YES_ERROR;
				CLANG_WARN_DOCUMENTATION_COMMENTS = YES;
				CLANG_WARN_EMPTY_BODY = YES;
				CLANG_WARN_ENUM_CONVERSION = YES;
				CLANG_WARN_INFINITE_RECURSION = YES;
				CLANG_WARN_INT_CONVERSION = YES;
				CLANG_WARN_NON_LITERAL_NULL_CONVERSION = YES;
				CLANG_WARN_OBJC_LITERAL_CONVERSION = YES;
				CLANG_WARN_OBJC_ROOT_CLASS = YES_ERROR;
				CLANG_WARN_RANGE_LOOP_ANALYSIS = YES;
				CLANG_WARN_STRICT_PROTOTYPES = YES;
				CLANG_WARN_SUSPICIOUS_MOVE = YES;
				CLANG_WARN_UNGUARDED_AVAILABILITY = YES_AGGRESSIVE;
				CLANG_WARN_UNREACHABLE_CODE = YES;
				CLANG_WARN__DUPLICATE_METHOD_MATCH = YES;
				CODE_SIGN_IDENTITY = "iPhone Developer";
				COPY_PHASE_STRIP = NO;
				DEBUG_INFORMATION_FORMAT = "dwarf-with-dsym";
				ENABLE_NS_ASSERTIONS = NO;
				ENABLE_STRICT_OBJC_MSGSEND = YES;
				GCC_C_LANGUAGE_STANDARD = gnu11;
				GCC_NO_COMMON_BLOCKS = YES;
				GCC_WARN_64_TO_32_BIT_CONVERSION = YES;
				GCC_WARN_ABOUT_RETURN_TYPE = YES_ERROR;
				GCC_WARN_UNDECLARED_SELECTOR = YES;
				GCC_WARN_UNINITIALIZED_AUTOS = YES_AGGRESSIVE;
				GCC_WARN_UNUSED_FUNCTION = YES;
				GCC_WARN_UNUSED_VARIABLE = YES;
				IPHONEOS_DEPLOYMENT_TARGET = 11.2;
				MTL_ENABLE_DEBUG_INFO = NO;
				SDKROOT = iphoneos;
				SWIFT_OPTIMIZATION_LEVEL = "-Owholemodule";
				VALIDATE_PRODUCT = YES;
			};
			name = Release;
		};
		86715637201E7A1700F34817 /* Debug */ = {
			isa = XCBuildConfiguration;
			buildSettings = {
				ASSETCATALOG_COMPILER_APPICON_NAME = AppIcon;
				CODE_SIGN_STYLE = Automatic;
				DEVELOPMENT_TEAM = QPAAN3UY4S;
				INFOPLIST_FILE = BazookKeypadControl/Info.plist;
				LD_RUNPATH_SEARCH_PATHS = "$(inherited) @executable_path/Frameworks";
				PRODUCT_BUNDLE_IDENTIFIER = com.none.BazookKeypadControl;
				PRODUCT_NAME = "$(TARGET_NAME)";
				SWIFT_VERSION = 4.0;
				TARGETED_DEVICE_FAMILY = "1,2";
			};
			name = Debug;
		};
		86715638201E7A1700F34817 /* Release */ = {
			isa = XCBuildConfiguration;
			buildSettings = {
				ASSETCATALOG_COMPILER_APPICON_NAME = AppIcon;
				CODE_SIGN_STYLE = Automatic;
				DEVELOPMENT_TEAM = QPAAN3UY4S;
				INFOPLIST_FILE = BazookKeypadControl/Info.plist;
				LD_RUNPATH_SEARCH_PATHS = "$(inherited) @executable_path/Frameworks";
				PRODUCT_BUNDLE_IDENTIFIER = com.none.BazookKeypadControl;
				PRODUCT_NAME = "$(TARGET_NAME)";
				SWIFT_VERSION = 4.0;
				TARGETED_DEVICE_FAMILY = "1,2";
			};
			name = Release;
		};
		8671563A201E7A1700F34817 /* Debug */ = {
			isa = XCBuildConfiguration;
			buildSettings = {
				ALWAYS_EMBED_SWIFT_STANDARD_LIBRARIES = YES;
				BUNDLE_LOADER = "$(TEST_HOST)";
				CODE_SIGN_STYLE = Automatic;
				DEVELOPMENT_TEAM = QPAAN3UY4S;
				INFOPLIST_FILE = BazookKeypadControlTests/Info.plist;
				LD_RUNPATH_SEARCH_PATHS = "$(inherited) @executable_path/Frameworks @loader_path/Frameworks";
				PRODUCT_BUNDLE_IDENTIFIER = com.none.BazookKeypadControlTests;
				PRODUCT_NAME = "$(TARGET_NAME)";
				SWIFT_VERSION = 4.0;
				TARGETED_DEVICE_FAMILY = "1,2";
				TEST_HOST = "$(BUILT_PRODUCTS_DIR)/BazookKeypadControl.app/BazookKeypadControl";
			};
			name = Debug;
		};
		8671563B201E7A1700F34817 /* Release */ = {
			isa = XCBuildConfiguration;
			buildSettings = {
				ALWAYS_EMBED_SWIFT_STANDARD_LIBRARIES = YES;
				BUNDLE_LOADER = "$(TEST_HOST)";
				CODE_SIGN_STYLE = Automatic;
				DEVELOPMENT_TEAM = QPAAN3UY4S;
				INFOPLIST_FILE = BazookKeypadControlTests/Info.plist;
				LD_RUNPATH_SEARCH_PATHS = "$(inherited) @executable_path/Frameworks @loader_path/Frameworks";
				PRODUCT_BUNDLE_IDENTIFIER = com.none.BazookKeypadControlTests;
				PRODUCT_NAME = "$(TARGET_NAME)";
				SWIFT_VERSION = 4.0;
				TARGETED_DEVICE_FAMILY = "1,2";
				TEST_HOST = "$(BUILT_PRODUCTS_DIR)/BazookKeypadControl.app/BazookKeypadControl";
			};
			name = Release;
		};
/* End XCBuildConfiguration section */

/* Begin XCConfigurationList section */
		86715611201E7A1600F34817 /* Build configuration list for PBXProject "BazookKeypadControl" */ = {
			isa = XCConfigurationList;
			buildConfigurations = (
				86715634201E7A1700F34817 /* Debug */,
				86715635201E7A1700F34817 /* Release */,
			);
			defaultConfigurationIsVisible = 0;
			defaultConfigurationName = Release;
		};
		86715636201E7A1700F34817 /* Build configuration list for PBXNativeTarget "BazookKeypadControl" */ = {
			isa = XCConfigurationList;
			buildConfigurations = (
				86715637201E7A1700F34817 /* Debug */,
				86715638201E7A1700F34817 /* Release */,
			);
			defaultConfigurationIsVisible = 0;
			defaultConfigurationName = Release;
		};
		86715639201E7A1700F34817 /* Build configuration list for PBXNativeTarget "BazookKeypadControlTests" */ = {
			isa = XCConfigurationList;
			buildConfigurations = (
				8671563A201E7A1700F34817 /* Debug */,
				8671563B201E7A1700F34817 /* Release */,
			);
			defaultConfigurationIsVisible = 0;
			defaultConfigurationName = Release;
		};
/* End XCConfigurationList section */

/* Begin XCVersionGroup section */
		86715620201E7A1600F34817 /* BazookKeypadControl.xcdatamodeld */ = {
			isa = XCVersionGroup;
			children = (
				86715621201E7A1600F34817 /* BazookKeypadControl.xcdatamodel */,
			);
			currentVersion = 86715621201E7A1600F34817 /* BazookKeypadControl.xcdatamodel */;
			path = BazookKeypadControl.xcdatamodeld;
			sourceTree = "<group>";
			versionGroupType = wrapper.xcdatamodel;
		};
/* End XCVersionGroup section */
	};
	rootObject = 8671560E201E7A1600F34817 /* Project object */;
}
